Microsoft Visual Studio Solution File, Format Version 12.00
# Visual Studio 2012
Project("{FAE04EC0-301F-11D3-BF4B-00C04F79EFBC}") = "SudoPanic2", "SudoPanic2.csproj", "{5F305DC3-D30F-463A-98AC-F541FB57C404}"
EndProject
Global
	GlobalSection(SolutionConfigurationPlatforms) = preSolution
	Debug|Any CPU = Debug|Any CPU
	ExportDebug|Any CPU = ExportDebug|Any CPU
	ExportRelease|Any CPU = ExportRelease|Any CPU
	EndGlobalSection
	GlobalSection(ProjectConfigurationPlatforms) = postSolution
		{5F305DC3-D30F-463A-98AC-F541FB57C404}.Debug|Any CPU.ActiveCfg = Debug|Any CPU
		{5F305DC3-D30F-463A-98AC-F541FB57C404}.Debug|Any CPU.Build.0 = Debug|Any CPU
		{5F305DC3-D30F-463A-98AC-F541FB57C404}.ExportDebug|Any CPU.ActiveCfg = ExportDebug|Any CPU
		{5F305DC3-D30F-463A-98AC-F541FB57C404}.ExportDebug|Any CPU.Build.0 = ExportDebug|Any CPU
		{5F305DC3-D30F-463A-98AC-F541FB57C404}.ExportRelease|Any CPU.ActiveCfg = ExportRelease|Any CPU
		{5F305DC3-D30F-463A-98AC-F541FB57C404}.ExportRelease|Any CPU.Build.0 = ExportRelease|Any CPU
	EndGlobalSection
EndGlobal
